
Microsoft Visual Studio Solution File, Format Version 12.00
# Visual Studio 2015
Project("{FAE04EC0-301F-11D3-BF4B-00C04F79EFBC}") = "GameHorror.CSharp.Plugins", "GameHorror.CSharp.Plugins.csproj", "{16A07E53-C5F0-7FE4-2806-F02AB0C560BB}"
EndProject
Project("{FAE04EC0-301F-11D3-BF4B-00C04F79EFBC}") = "GameHorror.CSharp", "GameHorror.CSharp.csproj", "{6EF4A865-2AFA-312A-64DF-B4A2D71A19DB}"
EndProject
Project("{FAE04EC0-301F-11D3-BF4B-00C04F79EFBC}") = "GameHorror.CSharp.Editor", "GameHorror.CSharp.Editor.csproj", "{0F4F572A-1A79-21F3-866D-03D2CA0BE731}"
EndProject
Global
	GlobalSection(SolutionConfigurationPlatforms) = preSolution
		Debug|Any CPU = Debug|Any CPU
		Release|Any CPU = Release|Any CPU
	EndGlobalSection
	GlobalSection(ProjectConfigurationPlatforms) = postSolution
		{16A07E53-C5F0-7FE4-2806-F02AB0C560BB}.Debug|Any CPU.ActiveCfg = Debug|Any CPU
		{16A07E53-C5F0-7FE4-2806-F02AB0C560BB}.Debug|Any CPU.Build.0 = Debug|Any CPU
		{16A07E53-C5F0-7FE4-2806-F02AB0C560BB}.Release|Any CPU.ActiveCfg = Release|Any CPU
		{16A07E53-C5F0-7FE4-2806-F02AB0C560BB}.Release|Any CPU.Build.0 = Release|Any CPU
		{6EF4A865-2AFA-312A-64DF-B4A2D71A19DB}.Debug|Any CPU.ActiveCfg = Debug|Any CPU
		{6EF4A865-2AFA-312A-64DF-B4A2D71A19DB}.Debug|Any CPU.Build.0 = Debug|Any CPU
		{6EF4A865-2AFA-312A-64DF-B4A2D71A19DB}.Release|Any CPU.ActiveCfg = Release|Any CPU
		{6EF4A865-2AFA-312A-64DF-B4A2D71A19DB}.Release|Any CPU.Build.0 = Release|Any CPU
		{0F4F572A-1A79-21F3-866D-03D2CA0BE731}.Debug|Any CPU.ActiveCfg = Debug|Any CPU
		{0F4F572A-1A79-21F3-866D-03D2CA0BE731}.Debug|Any CPU.Build.0 = Debug|Any CPU
		{0F4F572A-1A79-21F3-866D-03D2CA0BE731}.Release|Any CPU.ActiveCfg = Release|Any CPU
		{0F4F572A-1A79-21F3-866D-03D2CA0BE731}.Release|Any CPU.Build.0 = Release|Any CPU
	EndGlobalSection
	GlobalSection(SolutionProperties) = preSolution
		HideSolutionNode = FALSE
	EndGlobalSection
EndGlobal
