Microsoft Visual Studio Solution File, Format Version 11.00
# Visual Studio 2008

Project("{4C32692B-BD8F-C1C6-57FB-3EB1146B13F3}") = "GameHorror", "Assembly-CSharp-firstpass.csproj", "{AA9CC495-599E-19B8-5D3C-4D4A5354A44C}"
EndProject
Project("{4C32692B-BD8F-C1C6-57FB-3EB1146B13F3}") = "GameHorror", "Assembly-CSharp.csproj", "{ECEC73BE-FFB3-937F-025D-20B1C0EF9CE4}"
EndProject
Project("{4C32692B-BD8F-C1C6-57FB-3EB1146B13F3}") = "GameHorror", "Assembly-CSharp-Editor.csproj", "{3235329D-5A7E-1C5E-6046-631062551E38}"
EndProject
Global
	GlobalSection(SolutionConfigurationPlatforms) = preSolution
		Debug|Any CPU = Debug|Any CPU
		Release|Any CPU = Release|Any CPU
	EndGlobalSection
	GlobalSection(ProjectConfigurationPlatforms) = postSolution
		{AA9CC495-599E-19B8-5D3C-4D4A5354A44C}.Debug|Any CPU.ActiveCfg = Debug|Any CPU
		{AA9CC495-599E-19B8-5D3C-4D4A5354A44C}.Debug|Any CPU.Build.0 = Debug|Any CPU
		{AA9CC495-599E-19B8-5D3C-4D4A5354A44C}.Release|Any CPU.ActiveCfg = Release|Any CPU
		{AA9CC495-599E-19B8-5D3C-4D4A5354A44C}.Release|Any CPU.Build.0 = Release|Any CPU
		{ECEC73BE-FFB3-937F-025D-20B1C0EF9CE4}.Debug|Any CPU.ActiveCfg = Debug|Any CPU
		{ECEC73BE-FFB3-937F-025D-20B1C0EF9CE4}.Debug|Any CPU.Build.0 = Debug|Any CPU
		{ECEC73BE-FFB3-937F-025D-20B1C0EF9CE4}.Release|Any CPU.ActiveCfg = Release|Any CPU
		{ECEC73BE-FFB3-937F-025D-20B1C0EF9CE4}.Release|Any CPU.Build.0 = Release|Any CPU
		{3235329D-5A7E-1C5E-6046-631062551E38}.Debug|Any CPU.ActiveCfg = Debug|Any CPU
		{3235329D-5A7E-1C5E-6046-631062551E38}.Debug|Any CPU.Build.0 = Debug|Any CPU
		{3235329D-5A7E-1C5E-6046-631062551E38}.Release|Any CPU.ActiveCfg = Release|Any CPU
		{3235329D-5A7E-1C5E-6046-631062551E38}.Release|Any CPU.Build.0 = Release|Any CPU
	EndGlobalSection
	GlobalSection(SolutionProperties) = preSolution
		HideSolutionNode = FALSE
	EndGlobalSection
	GlobalSection(MonoDevelopProperties) = preSolution
		StartupItem = Assembly-CSharp.csproj
	EndGlobalSection
EndGlobal
